// !$*UTF8*$!
{
	archiveVersion = 1;
	classes = {
	};
	objectVersion = 56;
	objects = {

/* Begin PBXBuildFile section */
		87AE915D292DD7DC00164209 /* MiniApp110_SwiftUI_TestDriven01App.swift in Sources */ = {isa = PBXBuildFile; fileRef = 87AE915C292DD7DC00164209 /* MiniApp110_SwiftUI_TestDriven01App.swift */; };
		87AE915F292DD7DC00164209 /* ArticleListView.swift in Sources */ = {isa = PBXBuildFile; fileRef = 87AE915E292DD7DC00164209 /* ArticleListView.swift */; };
		87AE9161292DD7DD00164209 /* Assets.xcassets in Resources */ = {isa = PBXBuildFile; fileRef = 87AE9160292DD7DD00164209 /* Assets.xcassets */; };
		87AE9164292DD7DD00164209 /* Preview Assets.xcassets in Resources */ = {isa = PBXBuildFile; fileRef = 87AE9163292DD7DD00164209 /* Preview Assets.xcassets */; };
		87AE9178292DD7DD00164209 /* MiniApp110_SwiftUI_TestDriven01UITests.swift in Sources */ = {isa = PBXBuildFile; fileRef = 87AE9177292DD7DD00164209 /* MiniApp110_SwiftUI_TestDriven01UITests.swift */; };
		87AE917A292DD7DD00164209 /* MiniApp110_SwiftUI_TestDriven01UITestsLaunchTests.swift in Sources */ = {isa = PBXBuildFile; fileRef = 87AE9179292DD7DD00164209 /* MiniApp110_SwiftUI_TestDriven01UITestsLaunchTests.swift */; };
		87AE919D292DE08300164209 /* MiniApp110_SwiftUI_TestDriven01Tests.swift in Sources */ = {isa = PBXBuildFile; fileRef = 87AE916D292DD7DD00164209 /* MiniApp110_SwiftUI_TestDriven01Tests.swift */; };
		87AE91A9292E056200164209 /* ArticleListView.swift in Sources */ = {isa = PBXBuildFile; fileRef = 87AE915E292DD7DC00164209 /* ArticleListView.swift */; };
		87AE91AA292E056300164209 /* ArticleListView.swift in Sources */ = {isa = PBXBuildFile; fileRef = 87AE915E292DD7DC00164209 /* ArticleListView.swift */; };
		87AE91AB292E056500164209 /* MiniApp110_SwiftUI_TestDriven01App.swift in Sources */ = {isa = PBXBuildFile; fileRef = 87AE915C292DD7DC00164209 /* MiniApp110_SwiftUI_TestDriven01App.swift */; };
		87AE91AC292E056500164209 /* MiniApp110_SwiftUI_TestDriven01App.swift in Sources */ = {isa = PBXBuildFile; fileRef = 87AE915C292DD7DC00164209 /* MiniApp110_SwiftUI_TestDriven01App.swift */; };
		87AE91AF292E06EF00164209 /* ViewInspector in Frameworks */ = {isa = PBXBuildFile; productRef = 87AE91AE292E06EF00164209 /* ViewInspector */; };
		87AF4E582932E6EA00EA77AA /* ArticleListAPIClientProtocol.swift in Sources */ = {isa = PBXBuildFile; fileRef = 87AF4E572932E6EA00EA77AA /* ArticleListAPIClientProtocol.swift */; };
		87AF4E592932E6EA00EA77AA /* ArticleListAPIClientProtocol.swift in Sources */ = {isa = PBXBuildFile; fileRef = 87AF4E572932E6EA00EA77AA /* ArticleListAPIClientProtocol.swift */; };
		87AF4E5A2932E6EB00EA77AA /* ArticleListAPIClientProtocol.swift in Sources */ = {isa = PBXBuildFile; fileRef = 87AF4E572932E6EA00EA77AA /* ArticleListAPIClientProtocol.swift */; };
		87AF4E5C2932ECD100EA77AA /* ArticleListAPIClient.swift in Sources */ = {isa = PBXBuildFile; fileRef = 87AF4E5B2932ECD100EA77AA /* ArticleListAPIClient.swift */; };
		87AF4E5D2932ECD100EA77AA /* ArticleListAPIClient.swift in Sources */ = {isa = PBXBuildFile; fileRef = 87AF4E5B2932ECD100EA77AA /* ArticleListAPIClient.swift */; };
		87AF4E5E2932ECD100EA77AA /* ArticleListAPIClient.swift in Sources */ = {isa = PBXBuildFile; fileRef = 87AF4E5B2932ECD100EA77AA /* ArticleListAPIClient.swift */; };
/* End PBXBuildFile section */

/* Begin PBXContainerItemProxy section */
		87AE916A292DD7DD00164209 /* PBXContainerItemProxy */ = {
			isa = PBXContainerItemProxy;
			containerPortal = 87AE9151292DD7DC00164209 /* Project object */;
			proxyType = 1;
			remoteGlobalIDString = 87AE9158292DD7DC00164209;
			remoteInfo = "MiniApp110-SwiftUI-TestDriven01";
		};
		87AE9174292DD7DD00164209 /* PBXContainerItemProxy */ = {
			isa = PBXContainerItemProxy;
			containerPortal = 87AE9151292DD7DC00164209 /* Project object */;
			proxyType = 1;
			remoteGlobalIDString = 87AE9158292DD7DC00164209;
			remoteInfo = "MiniApp110-SwiftUI-TestDriven01";
		};
/* End PBXContainerItemProxy section */

/* Begin PBXFileReference section */
		87AE9159292DD7DC00164209 /* MiniApp110-SwiftUI-TestDriven01.app */ = {isa = PBXFileReference; explicitFileType = wrapper.application; includeInIndex = 0; path = "MiniApp110-SwiftUI-TestDriven01.app"; sourceTree = BUILT_PRODUCTS_DIR; };
		87AE915C292DD7DC00164209 /* MiniApp110_SwiftUI_TestDriven01App.swift */ = {isa = PBXFileReference; lastKnownFileType = sourcecode.swift; path = MiniApp110_SwiftUI_TestDriven01App.swift; sourceTree = "<group>"; };
		87AE915E292DD7DC00164209 /* ArticleListView.swift */ = {isa = PBXFileReference; lastKnownFileType = sourcecode.swift; path = ArticleListView.swift; sourceTree = "<group>"; };
		87AE9160292DD7DD00164209 /* Assets.xcassets */ = {isa = PBXFileReference; lastKnownFileType = folder.assetcatalog; path = Assets.xcassets; sourceTree = "<group>"; };
		87AE9163292DD7DD00164209 /* Preview Assets.xcassets */ = {isa = PBXFileReference; lastKnownFileType = folder.assetcatalog; path = "Preview Assets.xcassets"; sourceTree = "<group>"; };
		87AE9169292DD7DD00164209 /* MiniApp110-SwiftUI-TestDriven01Tests.xctest */ = {isa = PBXFileReference; explicitFileType = wrapper.cfbundle; includeInIndex = 0; path = "MiniApp110-SwiftUI-TestDriven01Tests.xctest"; sourceTree = BUILT_PRODUCTS_DIR; };
		87AE916D292DD7DD00164209 /* MiniApp110_SwiftUI_TestDriven01Tests.swift */ = {isa = PBXFileReference; lastKnownFileType = sourcecode.swift; path = MiniApp110_SwiftUI_TestDriven01Tests.swift; sourceTree = "<group>"; };
		87AE9173292DD7DD00164209 /* MiniApp110-SwiftUI-TestDriven01UITests.xctest */ = {isa = PBXFileReference; explicitFileType = wrapper.cfbundle; includeInIndex = 0; path = "MiniApp110-SwiftUI-TestDriven01UITests.xctest"; sourceTree = BUILT_PRODUCTS_DIR; };
		87AE9177292DD7DD00164209 /* MiniApp110_SwiftUI_TestDriven01UITests.swift */ = {isa = PBXFileReference; lastKnownFileType = sourcecode.swift; path = MiniApp110_SwiftUI_TestDriven01UITests.swift; sourceTree = "<group>"; };
		87AE9179292DD7DD00164209 /* MiniApp110_SwiftUI_TestDriven01UITestsLaunchTests.swift */ = {isa = PBXFileReference; lastKnownFileType = sourcecode.swift; path = MiniApp110_SwiftUI_TestDriven01UITestsLaunchTests.swift; sourceTree = "<group>"; };
		87AF4E572932E6EA00EA77AA /* ArticleListAPIClientProtocol.swift */ = {isa = PBXFileReference; lastKnownFileType = sourcecode.swift; path = ArticleListAPIClientProtocol.swift; sourceTree = "<group>"; };
		87AF4E5B2932ECD100EA77AA /* ArticleListAPIClient.swift */ = {isa = PBXFileReference; lastKnownFileType = sourcecode.swift; path = ArticleListAPIClient.swift; sourceTree = "<group>"; };
/* End PBXFileReference section */

/* Begin PBXFrameworksBuildPhase section */
		87AE9156292DD7DC00164209 /* Frameworks */ = {
			isa = PBXFrameworksBuildPhase;
			buildActionMask = 2147483647;
			files = (
			);
			runOnlyForDeploymentPostprocessing = 0;
		};
		87AE9166292DD7DD00164209 /* Frameworks */ = {
			isa = PBXFrameworksBuildPhase;
			buildActionMask = 2147483647;
			files = (
				87AE91AF292E06EF00164209 /* ViewInspector in Frameworks */,
			);
			runOnlyForDeploymentPostprocessing = 0;
		};
		87AE9170292DD7DD00164209 /* Frameworks */ = {
			isa = PBXFrameworksBuildPhase;
			buildActionMask = 2147483647;
			files = (
			);
			runOnlyForDeploymentPostprocessing = 0;
		};
/* End PBXFrameworksBuildPhase section */

/* Begin PBXGroup section */
		87AE9150292DD7DC00164209 = {
			isa = PBXGroup;
			children = (
				87AE915B292DD7DC00164209 /* MiniApp110-SwiftUI-TestDriven01 */,
				87AE916C292DD7DD00164209 /* MiniApp110-SwiftUI-TestDriven01Tests */,
				87AE9176292DD7DD00164209 /* MiniApp110-SwiftUI-TestDriven01UITests */,
				87AE915A292DD7DC00164209 /* Products */,
			);
			sourceTree = "<group>";
		};
		87AE915A292DD7DC00164209 /* Products */ = {
			isa = PBXGroup;
			children = (
				87AE9159292DD7DC00164209 /* MiniApp110-SwiftUI-TestDriven01.app */,
				87AE9169292DD7DD00164209 /* MiniApp110-SwiftUI-TestDriven01Tests.xctest */,
				87AE9173292DD7DD00164209 /* MiniApp110-SwiftUI-TestDriven01UITests.xctest */,
			);
			name = Products;
			sourceTree = "<group>";
		};
		87AE915B292DD7DC00164209 /* MiniApp110-SwiftUI-TestDriven01 */ = {
			isa = PBXGroup;
			children = (
				87AF4E552932E68600EA77AA /* Model */,
				87AF4E562932E68C00EA77AA /* View */,
				87AE915C292DD7DC00164209 /* MiniApp110_SwiftUI_TestDriven01App.swift */,
				87AE9160292DD7DD00164209 /* Assets.xcassets */,
				87AE9162292DD7DD00164209 /* Preview Content */,
			);
			path = "MiniApp110-SwiftUI-TestDriven01";
			sourceTree = "<group>";
		};
		87AE9162292DD7DD00164209 /* Preview Content */ = {
			isa = PBXGroup;
			children = (
				87AE9163292DD7DD00164209 /* Preview Assets.xcassets */,
			);
			path = "Preview Content";
			sourceTree = "<group>";
		};
		87AE916C292DD7DD00164209 /* MiniApp110-SwiftUI-TestDriven01Tests */ = {
			isa = PBXGroup;
			children = (
				87AE916D292DD7DD00164209 /* MiniApp110_SwiftUI_TestDriven01Tests.swift */,
			);
			path = "MiniApp110-SwiftUI-TestDriven01Tests";
			sourceTree = "<group>";
		};
		87AE9176292DD7DD00164209 /* MiniApp110-SwiftUI-TestDriven01UITests */ = {
			isa = PBXGroup;
			children = (
				87AE9177292DD7DD00164209 /* MiniApp110_SwiftUI_TestDriven01UITests.swift */,
				87AE9179292DD7DD00164209 /* MiniApp110_SwiftUI_TestDriven01UITestsLaunchTests.swift */,
			);
			path = "MiniApp110-SwiftUI-TestDriven01UITests";
			sourceTree = "<group>";
		};
		87AF4E552932E68600EA77AA /* Model */ = {
			isa = PBXGroup;
			children = (
				87AF4E572932E6EA00EA77AA /* ArticleListAPIClientProtocol.swift */,
				87AF4E5B2932ECD100EA77AA /* ArticleListAPIClient.swift */,
			);
			path = Model;
			sourceTree = "<group>";
		};
		87AF4E562932E68C00EA77AA /* View */ = {
			isa = PBXGroup;
			children = (
				87AE915E292DD7DC00164209 /* ArticleListView.swift */,
			);
			path = View;
			sourceTree = "<group>";
		};
/* End PBXGroup section */

/* Begin PBXNativeTarget section */
		87AE9158292DD7DC00164209 /* MiniApp110-SwiftUI-TestDriven01 */ = {
			isa = PBXNativeTarget;
			buildConfigurationList = 87AE917D292DD7DD00164209 /* Build configuration list for PBXNativeTarget "MiniApp110-SwiftUI-TestDriven01" */;
			buildPhases = (
				87AE9155292DD7DC00164209 /* Sources */,
				87AE9156292DD7DC00164209 /* Frameworks */,
				87AE9157292DD7DC00164209 /* Resources */,
			);
			buildRules = (
			);
			dependencies = (
			);
			name = "MiniApp110-SwiftUI-TestDriven01";
			packageProductDependencies = (
			);
			productName = "MiniApp110-SwiftUI-TestDriven01";
			productReference = 87AE9159292DD7DC00164209 /* MiniApp110-SwiftUI-TestDriven01.app */;
			productType = "com.apple.product-type.application";
		};
		87AE9168292DD7DD00164209 /* MiniApp110-SwiftUI-TestDriven01Tests */ = {
			isa = PBXNativeTarget;
			buildConfigurationList = 87AE9180292DD7DD00164209 /* Build configuration list for PBXNativeTarget "MiniApp110-SwiftUI-TestDriven01Tests" */;
			buildPhases = (
				87AE9165292DD7DD00164209 /* Sources */,
				87AE9166292DD7DD00164209 /* Frameworks */,
				87AE9167292DD7DD00164209 /* Resources */,
			);
			buildRules = (
			);
			dependencies = (
				87AE9190292DDB5D00164209 /* PBXTargetDependency */,
				87AE916B292DD7DD00164209 /* PBXTargetDependency */,
			);
			name = "MiniApp110-SwiftUI-TestDriven01Tests";
			packageProductDependencies = (
				87AE91AE292E06EF00164209 /* ViewInspector */,
			);
			productName = "MiniApp110-SwiftUI-TestDriven01Tests";
			productReference = 87AE9169292DD7DD00164209 /* MiniApp110-SwiftUI-TestDriven01Tests.xctest */;
			productType = "com.apple.product-type.bundle.unit-test";
		};
		87AE9172292DD7DD00164209 /* MiniApp110-SwiftUI-TestDriven01UITests */ = {
			isa = PBXNativeTarget;
			buildConfigurationList = 87AE9183292DD7DD00164209 /* Build configuration list for PBXNativeTarget "MiniApp110-SwiftUI-TestDriven01UITests" */;
			buildPhases = (
				87AE916F292DD7DD00164209 /* Sources */,
				87AE9170292DD7DD00164209 /* Frameworks */,
				87AE9171292DD7DD00164209 /* Resources */,
			);
			buildRules = (
			);
			dependencies = (
				87AE9192292DDB6300164209 /* PBXTargetDependency */,
				87AE9175292DD7DD00164209 /* PBXTargetDependency */,
			);
			name = "MiniApp110-SwiftUI-TestDriven01UITests";
			productName = "MiniApp110-SwiftUI-TestDriven01UITests";
			productReference = 87AE9173292DD7DD00164209 /* MiniApp110-SwiftUI-TestDriven01UITests.xctest */;
			productType = "com.apple.product-type.bundle.ui-testing";
		};
/* End PBXNativeTarget section */

/* Begin PBXProject section */
		87AE9151292DD7DC00164209 /* Project object */ = {
			isa = PBXProject;
			attributes = {
				BuildIndependentTargetsInParallel = 1;
				KnownAssetTags = (
					New,
				);
				LastSwiftUpdateCheck = 1410;
				LastUpgradeCheck = 1410;
				TargetAttributes = {
					87AE9158292DD7DC00164209 = {
						CreatedOnToolsVersion = 14.1;
					};
					87AE9168292DD7DD00164209 = {
						CreatedOnToolsVersion = 14.1;
						TestTargetID = 87AE9158292DD7DC00164209;
					};
					87AE9172292DD7DD00164209 = {
						CreatedOnToolsVersion = 14.1;
						TestTargetID = 87AE9158292DD7DC00164209;
					};
				};
			};
			buildConfigurationList = 87AE9154292DD7DC00164209 /* Build configuration list for PBXProject "MiniApp110-SwiftUI-TestDriven01" */;
			compatibilityVersion = "Xcode 14.0";
			developmentRegion = en;
			hasScannedForEncodings = 0;
			knownRegions = (
				en,
				Base,
			);
			mainGroup = 87AE9150292DD7DC00164209;
			packageReferences = (
				87AE91AD292E06EF00164209 /* XCRemoteSwiftPackageReference "ViewInspector" */,
			);
			productRefGroup = 87AE915A292DD7DC00164209 /* Products */;
			projectDirPath = "";
			projectRoot = "";
			targets = (
				87AE9158292DD7DC00164209 /* MiniApp110-SwiftUI-TestDriven01 */,
				87AE9168292DD7DD00164209 /* MiniApp110-SwiftUI-TestDriven01Tests */,
				87AE9172292DD7DD00164209 /* MiniApp110-SwiftUI-TestDriven01UITests */,
			);
		};
/* End PBXProject section */

/* Begin PBXResourcesBuildPhase section */
		87AE9157292DD7DC00164209 /* Resources */ = {
			isa = PBXResourcesBuildPhase;
			buildActionMask = 2147483647;
			files = (
				87AE9164292DD7DD00164209 /* Preview Assets.xcassets in Resources */,
				87AE9161292DD7DD00164209 /* Assets.xcassets in Resources */,
			);
			runOnlyForDeploymentPostprocessing = 0;
		};
		87AE9167292DD7DD00164209 /* Resources */ = {
			isa = PBXResourcesBuildPhase;
			buildActionMask = 2147483647;
			files = (
			);
			runOnlyForDeploymentPostprocessing = 0;
		};
		87AE9171292DD7DD00164209 /* Resources */ = {
			isa = PBXResourcesBuildPhase;
			buildActionMask = 2147483647;
			files = (
			);
			runOnlyForDeploymentPostprocessing = 0;
		};
/* End PBXResourcesBuildPhase section */

/* Begin PBXSourcesBuildPhase section */
		87AE9155292DD7DC00164209 /* Sources */ = {
			isa = PBXSourcesBuildPhase;
			buildActionMask = 2147483647;
			files = (
				87AF4E582932E6EA00EA77AA /* ArticleListAPIClientProtocol.swift in Sources */,
				87AE915F292DD7DC00164209 /* ArticleListView.swift in Sources */,
				87AF4E5C2932ECD100EA77AA /* ArticleListAPIClient.swift in Sources */,
				87AE915D292DD7DC00164209 /* MiniApp110_SwiftUI_TestDriven01App.swift in Sources */,
			);
			runOnlyForDeploymentPostprocessing = 0;
		};
		87AE9165292DD7DD00164209 /* Sources */ = {
			isa = PBXSourcesBuildPhase;
			buildActionMask = 2147483647;
			files = (
				87AF4E592932E6EA00EA77AA /* ArticleListAPIClientProtocol.swift in Sources */,
				87AE919D292DE08300164209 /* MiniApp110_SwiftUI_TestDriven01Tests.swift in Sources */,
				87AF4E5D2932ECD100EA77AA /* ArticleListAPIClient.swift in Sources */,
				87AE91A9292E056200164209 /* ArticleListView.swift in Sources */,
				87AE91AB292E056500164209 /* MiniApp110_SwiftUI_TestDriven01App.swift in Sources */,
			);
			runOnlyForDeploymentPostprocessing = 0;
		};
		87AE916F292DD7DD00164209 /* Sources */ = {
			isa = PBXSourcesBuildPhase;
			buildActionMask = 2147483647;
			files = (
				87AE9178292DD7DD00164209 /* MiniApp110_SwiftUI_TestDriven01UITests.swift in Sources */,
				87AE91AA292E056300164209 /* ArticleListView.swift in Sources */,
				87AE91AC292E056500164209 /* MiniApp110_SwiftUI_TestDriven01App.swift in Sources */,
				87AE917A292DD7DD00164209 /* MiniApp110_SwiftUI_TestDriven01UITestsLaunchTests.swift in Sources */,
				87AF4E5E2932ECD100EA77AA /* ArticleListAPIClient.swift in Sources */,
				87AF4E5A2932E6EB00EA77AA /* ArticleListAPIClientProtocol.swift in Sources */,
			);
			runOnlyForDeploymentPostprocessing = 0;
		};
/* End PBXSourcesBuildPhase section */

/* Begin PBXTargetDependency section */
		87AE916B292DD7DD00164209 /* PBXTargetDependency */ = {
			isa = PBXTargetDependency;
			target = 87AE9158292DD7DC00164209 /* MiniApp110-SwiftUI-TestDriven01 */;
			targetProxy = 87AE916A292DD7DD00164209 /* PBXContainerItemProxy */;
		};
		87AE9175292DD7DD00164209 /* PBXTargetDependency */ = {
			isa = PBXTargetDependency;
			target = 87AE9158292DD7DC00164209 /* MiniApp110-SwiftUI-TestDriven01 */;
			targetProxy = 87AE9174292DD7DD00164209 /* PBXContainerItemProxy */;
		};
		87AE9190292DDB5D00164209 /* PBXTargetDependency */ = {
			isa = PBXTargetDependency;
			productRef = 87AE918F292DDB5D00164209 /* ViewInspector */;
		};
		87AE9192292DDB6300164209 /* PBXTargetDependency */ = {
			isa = PBXTargetDependency;
			productRef = 87AE9191292DDB6300164209 /* ViewInspector */;
		};
/* End PBXTargetDependency section */

/* Begin XCBuildConfiguration section */
		87AE917B292DD7DD00164209 /* Debug */ = {
			isa = XCBuildConfiguration;
			buildSettings = {
				ALWAYS_SEARCH_USER_PATHS = NO;
				CLANG_ANALYZER_NONNULL = YES;
				CLANG_ANALYZER_NUMBER_OBJECT_CONVERSION = YES_AGGRESSIVE;
				CLANG_CXX_LANGUAGE_STANDARD = "gnu++20";
				CLANG_ENABLE_MODULES = YES;
				CLANG_ENABLE_OBJC_ARC = YES;
				CLANG_ENABLE_OBJC_WEAK = YES;
				CLANG_WARN_BLOCK_CAPTURE_AUTORELEASING = YES;
				CLANG_WARN_BOOL_CONVERSION = YES;
				CLANG_WARN_COMMA = YES;
				CLANG_WARN_CONSTANT_CONVERSION = YES;
				CLANG_WARN_DEPRECATED_OBJC_IMPLEMENTATIONS = YES;
				CLANG_WARN_DIRECT_OBJC_ISA_USAGE = YES_ERROR;
				CLANG_WARN_DOCUMENTATION_COMMENTS = YES;
				CLANG_WARN_EMPTY_BODY = YES;
				CLANG_WARN_ENUM_CONVERSION = YES;
				CLANG_WARN_INFINITE_RECURSION = YES;
				CLANG_WARN_INT_CONVERSION = YES;
				CLANG_WARN_NON_LITERAL_NULL_CONVERSION = YES;
				CLANG_WARN_OBJC_IMPLICIT_RETAIN_SELF = YES;
				CLANG_WARN_OBJC_LITERAL_CONVERSION = YES;
				CLANG_WARN_OBJC_ROOT_CLASS = YES_ERROR;
				CLANG_WARN_QUOTED_INCLUDE_IN_FRAMEWORK_HEADER = YES;
				CLANG_WARN_RANGE_LOOP_ANALYSIS = YES;
				CLANG_WARN_STRICT_PROTOTYPES = YES;
				CLANG_WARN_SUSPICIOUS_MOVE = YES;
				CLANG_WARN_UNGUARDED_AVAILABILITY = YES_AGGRESSIVE;
				CLANG_WARN_UNREACHABLE_CODE = YES;
				CLANG_WARN__DUPLICATE_METHOD_MATCH = YES;
				COPY_PHASE_STRIP = NO;
				DEBUG_INFORMATION_FORMAT = dwarf;
				DEFINES_MODULE = NO;
				ENABLE_STRICT_OBJC_MSGSEND = YES;
				ENABLE_TESTABILITY = YES;
				ENABLE_TESTING_SEARCH_PATHS = NO;
				GCC_C_LANGUAGE_STANDARD = gnu11;
				GCC_DYNAMIC_NO_PIC = NO;
				GCC_NO_COMMON_BLOCKS = YES;
				GCC_OPTIMIZATION_LEVEL = 0;
				GCC_PREPROCESSOR_DEFINITIONS = (
					"DEBUG=1",
					"$(inherited)",
				);
				GCC_WARN_64_TO_32_BIT_CONVERSION = YES;
				GCC_WARN_ABOUT_RETURN_TYPE = YES_ERROR;
				GCC_WARN_UNDECLARED_SELECTOR = YES;
				GCC_WARN_UNINITIALIZED_AUTOS = YES_AGGRESSIVE;
				GCC_WARN_UNUSED_FUNCTION = YES;
				GCC_WARN_UNUSED_VARIABLE = YES;
				IPHONEOS_DEPLOYMENT_TARGET = 16.1;
				MTL_ENABLE_DEBUG_INFO = INCLUDE_SOURCE;
				MTL_FAST_MATH = YES;
				ONLY_ACTIVE_ARCH = YES;
				SDKROOT = iphoneos;
				SWIFT_ACTIVE_COMPILATION_CONDITIONS = DEBUG;
				SWIFT_OPTIMIZATION_LEVEL = "-Onone";
			};
			name = Debug;
		};
		87AE917C292DD7DD00164209 /* Release */ = {
			isa = XCBuildConfiguration;
			buildSettings = {
				ALWAYS_SEARCH_USER_PATHS = NO;
				CLANG_ANALYZER_NONNULL = YES;
				CLANG_ANALYZER_NUMBER_OBJECT_CONVERSION = YES_AGGRESSIVE;
				CLANG_CXX_LANGUAGE_STANDARD = "gnu++20";
				CLANG_ENABLE_MODULES = YES;
				CLANG_ENABLE_OBJC_ARC = YES;
				CLANG_ENABLE_OBJC_WEAK = YES;
				CLANG_WARN_BLOCK_CAPTURE_AUTORELEASING = YES;
				CLANG_WARN_BOOL_CONVERSION = YES;
				CLANG_WARN_COMMA = YES;
				CLANG_WARN_CONSTANT_CONVERSION = YES;
				CLANG_WARN_DEPRECATED_OBJC_IMPLEMENTATIONS = YES;
				CLANG_WARN_DIRECT_OBJC_ISA_USAGE = YES_ERROR;
				CLANG_WARN_DOCUMENTATION_COMMENTS = YES;
				CLANG_WARN_EMPTY_BODY = YES;
				CLANG_WARN_ENUM_CONVERSION = YES;
				CLANG_WARN_INFINITE_RECURSION = YES;
				CLANG_WARN_INT_CONVERSION = YES;
				CLANG_WARN_NON_LITERAL_NULL_CONVERSION = YES;
				CLANG_WARN_OBJC_IMPLICIT_RETAIN_SELF = YES;
				CLANG_WARN_OBJC_LITERAL_CONVERSION = YES;
				CLANG_WARN_OBJC_ROOT_CLASS = YES_ERROR;
				CLANG_WARN_QUOTED_INCLUDE_IN_FRAMEWORK_HEADER = YES;
				CLANG_WARN_RANGE_LOOP_ANALYSIS = YES;
				CLANG_WARN_STRICT_PROTOTYPES = YES;
				CLANG_WARN_SUSPICIOUS_MOVE = YES;
				CLANG_WARN_UNGUARDED_AVAILABILITY = YES_AGGRESSIVE;
				CLANG_WARN_UNREACHABLE_CODE = YES;
				CLANG_WARN__DUPLICATE_METHOD_MATCH = YES;
				COPY_PHASE_STRIP = NO;
				DEBUG_INFORMATION_FORMAT = "dwarf-with-dsym";
				DEFINES_MODULE = NO;
				ENABLE_NS_ASSERTIONS = NO;
				ENABLE_STRICT_OBJC_MSGSEND = YES;
				ENABLE_TESTING_SEARCH_PATHS = NO;
				GCC_C_LANGUAGE_STANDARD = gnu11;
				GCC_NO_COMMON_BLOCKS = YES;
				GCC_WARN_64_TO_32_BIT_CONVERSION = YES;
				GCC_WARN_ABOUT_RETURN_TYPE = YES_ERROR;
				GCC_WARN_UNDECLARED_SELECTOR = YES;
				GCC_WARN_UNINITIALIZED_AUTOS = YES_AGGRESSIVE;
				GCC_WARN_UNUSED_FUNCTION = YES;
				GCC_WARN_UNUSED_VARIABLE = YES;
				IPHONEOS_DEPLOYMENT_TARGET = 16.1;
				MTL_ENABLE_DEBUG_INFO = NO;
				MTL_FAST_MATH = YES;
				SDKROOT = iphoneos;
				SWIFT_COMPILATION_MODE = wholemodule;
				SWIFT_OPTIMIZATION_LEVEL = "-O";
				VALIDATE_PRODUCT = YES;
			};
			name = Release;
		};
		87AE917E292DD7DD00164209 /* Debug */ = {
			isa = XCBuildConfiguration;
			buildSettings = {
				ASSETCATALOG_COMPILER_APPICON_NAME = AppIcon;
				ASSETCATALOG_COMPILER_GLOBAL_ACCENT_COLOR_NAME = AccentColor;
				CODE_SIGN_STYLE = Automatic;
				CURRENT_PROJECT_VERSION = 1;
				DEFINES_MODULE = NO;
				DEVELOPMENT_ASSET_PATHS = "\"MiniApp110-SwiftUI-TestDriven01/Preview Content\"";
				DEVELOPMENT_TEAM = 558ZJSQN67;
				ENABLE_PREVIEWS = YES;
				ENABLE_TESTING_SEARCH_PATHS = NO;
				GENERATE_INFOPLIST_FILE = YES;
				INFOPLIST_KEY_UIApplicationSceneManifest_Generation = YES;
				INFOPLIST_KEY_UIApplicationSupportsIndirectInputEvents = YES;
				INFOPLIST_KEY_UILaunchScreen_Generation = YES;
				INFOPLIST_KEY_UISupportedInterfaceOrientations_iPad = "UIInterfaceOrientationPortrait UIInterfaceOrientationPortraitUpsideDown UIInterfaceOrientationLandscapeLeft UIInterfaceOrientationLandscapeRight";
				INFOPLIST_KEY_UISupportedInterfaceOrientations_iPhone = "UIInterfaceOrientationPortrait UIInterfaceOrientationLandscapeLeft UIInterfaceOrientationLandscapeRight";
				LD_RUNPATH_SEARCH_PATHS = (
					"$(inherited)",
					"@executable_path/Frameworks",
				);
				MARKETING_VERSION = 1.0;
				PRODUCT_BUNDLE_IDENTIFIER = "org.tetoblog.MiniApp110-SwiftUI-TestDriven01";
				PRODUCT_NAME = "$(TARGET_NAME)";
				SWIFT_EMIT_LOC_STRINGS = YES;
				SWIFT_VERSION = 5.0;
				TARGETED_DEVICE_FAMILY = "1,2";
			};
			name = Debug;
		};
		87AE917F292DD7DD00164209 /* Release */ = {
			isa = XCBuildConfiguration;
			buildSettings = {
				ASSETCATALOG_COMPILER_APPICON_NAME = AppIcon;
				ASSETCATALOG_COMPILER_GLOBAL_ACCENT_COLOR_NAME = AccentColor;
				CODE_SIGN_STYLE = Automatic;
				CURRENT_PROJECT_VERSION = 1;
				DEFINES_MODULE = NO;
				DEVELOPMENT_ASSET_PATHS = "\"MiniApp110-SwiftUI-TestDriven01/Preview Content\"";
				DEVELOPMENT_TEAM = 558ZJSQN67;
				ENABLE_PREVIEWS = YES;
				ENABLE_TESTING_SEARCH_PATHS = NO;
				GENERATE_INFOPLIST_FILE = YES;
				INFOPLIST_KEY_UIApplicationSceneManifest_Generation = YES;
				INFOPLIST_KEY_UIApplicationSupportsIndirectInputEvents = YES;
				INFOPLIST_KEY_UILaunchScreen_Generation = YES;
				INFOPLIST_KEY_UISupportedInterfaceOrientations_iPad = "UIInterfaceOrientationPortrait UIInterfaceOrientationPortraitUpsideDown UIInterfaceOrientationLandscapeLeft UIInterfaceOrientationLandscapeRight";
				INFOPLIST_KEY_UISupportedInterfaceOrientations_iPhone = "UIInterfaceOrientationPortrait UIInterfaceOrientationLandscapeLeft UIInterfaceOrientationLandscapeRight";
				LD_RUNPATH_SEARCH_PATHS = (
					"$(inherited)",
					"@executable_path/Frameworks",
				);
				MARKETING_VERSION = 1.0;
				PRODUCT_BUNDLE_IDENTIFIER = "org.tetoblog.MiniApp110-SwiftUI-TestDriven01";
				PRODUCT_NAME = "$(TARGET_NAME)";
				SWIFT_EMIT_LOC_STRINGS = YES;
				SWIFT_VERSION = 5.0;
				TARGETED_DEVICE_FAMILY = "1,2";
			};
			name = Release;
		};
		87AE9181292DD7DD00164209 /* Debug */ = {
			isa = XCBuildConfiguration;
			buildSettings = {
				ALWAYS_EMBED_SWIFT_STANDARD_LIBRARIES = YES;
				BUNDLE_LOADER = "$(TEST_HOST)";
				CODE_SIGN_STYLE = Automatic;
				CURRENT_PROJECT_VERSION = 1;
				DEVELOPMENT_TEAM = 558ZJSQN67;
				ENABLE_TESTING_SEARCH_PATHS = YES;
				GENERATE_INFOPLIST_FILE = YES;
				IPHONEOS_DEPLOYMENT_TARGET = 16.1;
				MARKETING_VERSION = 1.0;
				ONLY_ACTIVE_ARCH = YES;
				PRODUCT_BUNDLE_IDENTIFIER = "org.tetoblog.MiniApp110-SwiftUI-TestDriven01Tests";
				PRODUCT_NAME = "$(TARGET_NAME)";
				SWIFT_EMIT_LOC_STRINGS = NO;
				SWIFT_VERSION = 5.0;
				TARGETED_DEVICE_FAMILY = "1,2";
				TEST_HOST = "$(BUILT_PRODUCTS_DIR)/MiniApp110-SwiftUI-TestDriven01.app/$(BUNDLE_EXECUTABLE_FOLDER_PATH)/MiniApp110-SwiftUI-TestDriven01";
			};
			name = Debug;
		};
		87AE9182292DD7DD00164209 /* Release */ = {
			isa = XCBuildConfiguration;
			buildSettings = {
				ALWAYS_EMBED_SWIFT_STANDARD_LIBRARIES = YES;
				BUNDLE_LOADER = "$(TEST_HOST)";
				CODE_SIGN_STYLE = Automatic;
				CURRENT_PROJECT_VERSION = 1;
				DEVELOPMENT_TEAM = 558ZJSQN67;
				ENABLE_TESTING_SEARCH_PATHS = YES;
				GENERATE_INFOPLIST_FILE = YES;
				IPHONEOS_DEPLOYMENT_TARGET = 16.1;
				MARKETING_VERSION = 1.0;
				PRODUCT_BUNDLE_IDENTIFIER = "org.tetoblog.MiniApp110-SwiftUI-TestDriven01Tests";
				PRODUCT_NAME = "$(TARGET_NAME)";
				SWIFT_EMIT_LOC_STRINGS = NO;
				SWIFT_VERSION = 5.0;
				TARGETED_DEVICE_FAMILY = "1,2";
				TEST_HOST = "$(BUILT_PRODUCTS_DIR)/MiniApp110-SwiftUI-TestDriven01.app/$(BUNDLE_EXECUTABLE_FOLDER_PATH)/MiniApp110-SwiftUI-TestDriven01";
			};
			name = Release;
		};
		87AE9184292DD7DD00164209 /* Debug */ = {
			isa = XCBuildConfiguration;
			buildSettings = {
				ALWAYS_EMBED_SWIFT_STANDARD_LIBRARIES = YES;
				CODE_SIGN_STYLE = Automatic;
				CURRENT_PROJECT_VERSION = 1;
				DEVELOPMENT_TEAM = 558ZJSQN67;
				ENABLE_TESTING_SEARCH_PATHS = YES;
				GENERATE_INFOPLIST_FILE = YES;
				MARKETING_VERSION = 1.0;
				PRODUCT_BUNDLE_IDENTIFIER = "org.tetoblog.MiniApp110-SwiftUI-TestDriven01UITests";
				PRODUCT_NAME = "$(TARGET_NAME)";
				SWIFT_EMIT_LOC_STRINGS = NO;
				SWIFT_VERSION = 5.0;
				TARGETED_DEVICE_FAMILY = "1,2";
				TEST_TARGET_NAME = "MiniApp110-SwiftUI-TestDriven01";
			};
			name = Debug;
		};
		87AE9185292DD7DD00164209 /* Release */ = {
			isa = XCBuildConfiguration;
			buildSettings = {
				ALWAYS_EMBED_SWIFT_STANDARD_LIBRARIES = YES;
				CODE_SIGN_STYLE = Automatic;
				CURRENT_PROJECT_VERSION = 1;
				DEVELOPMENT_TEAM = 558ZJSQN67;
				ENABLE_TESTING_SEARCH_PATHS = YES;
				GENERATE_INFOPLIST_FILE = YES;
				MARKETING_VERSION = 1.0;
				PRODUCT_BUNDLE_IDENTIFIER = "org.tetoblog.MiniApp110-SwiftUI-TestDriven01UITests";
				PRODUCT_NAME = "$(TARGET_NAME)";
				SWIFT_EMIT_LOC_STRINGS = NO;
				SWIFT_VERSION = 5.0;
				TARGETED_DEVICE_FAMILY = "1,2";
				TEST_TARGET_NAME = "MiniApp110-SwiftUI-TestDriven01";
			};
			name = Release;
		};
/* End XCBuildConfiguration section */

/* Begin XCConfigurationList section */
		87AE9154292DD7DC00164209 /* Build configuration list for PBXProject "MiniApp110-SwiftUI-TestDriven01" */ = {
			isa = XCConfigurationList;
			buildConfigurations = (
				87AE917B292DD7DD00164209 /* Debug */,
				87AE917C292DD7DD00164209 /* Release */,
			);
			defaultConfigurationIsVisible = 0;
			defaultConfigurationName = Release;
		};
		87AE917D292DD7DD00164209 /* Build configuration list for PBXNativeTarget "MiniApp110-SwiftUI-TestDriven01" */ = {
			isa = XCConfigurationList;
			buildConfigurations = (
				87AE917E292DD7DD00164209 /* Debug */,
				87AE917F292DD7DD00164209 /* Release */,
			);
			defaultConfigurationIsVisible = 0;
			defaultConfigurationName = Release;
		};
		87AE9180292DD7DD00164209 /* Build configuration list for PBXNativeTarget "MiniApp110-SwiftUI-TestDriven01Tests" */ = {
			isa = XCConfigurationList;
			buildConfigurations = (
				87AE9181292DD7DD00164209 /* Debug */,
				87AE9182292DD7DD00164209 /* Release */,
			);
			defaultConfigurationIsVisible = 0;
			defaultConfigurationName = Release;
		};
		87AE9183292DD7DD00164209 /* Build configuration list for PBXNativeTarget "MiniApp110-SwiftUI-TestDriven01UITests" */ = {
			isa = XCConfigurationList;
			buildConfigurations = (
				87AE9184292DD7DD00164209 /* Debug */,
				87AE9185292DD7DD00164209 /* Release */,
			);
			defaultConfigurationIsVisible = 0;
			defaultConfigurationName = Release;
		};
/* End XCConfigurationList section */

/* Begin XCRemoteSwiftPackageReference section */
		87AE918C292DDB3B00164209 /* XCRemoteSwiftPackageReference "ViewInspector" */ = {
			isa = XCRemoteSwiftPackageReference;
			repositoryURL = "https://github.com/nalexn/ViewInspector";
			requirement = {
				branch = master;
				kind = branch;
			};
		};
		87AE91AD292E06EF00164209 /* XCRemoteSwiftPackageReference "ViewInspector" */ = {
			isa = XCRemoteSwiftPackageReference;
			repositoryURL = "https://github.com/nalexn/ViewInspector";
			requirement = {
				branch = master;
				kind = branch;
			};
		};
/* End XCRemoteSwiftPackageReference section */

/* Begin XCSwiftPackageProductDependency section */
		87AE918F292DDB5D00164209 /* ViewInspector */ = {
			isa = XCSwiftPackageProductDependency;
			package = 87AE918C292DDB3B00164209 /* XCRemoteSwiftPackageReference "ViewInspector" */;
			productName = ViewInspector;
		};
		87AE9191292DDB6300164209 /* ViewInspector */ = {
			isa = XCSwiftPackageProductDependency;
			package = 87AE918C292DDB3B00164209 /* XCRemoteSwiftPackageReference "ViewInspector" */;
			productName = ViewInspector;
		};
		87AE91AE292E06EF00164209 /* ViewInspector */ = {
			isa = XCSwiftPackageProductDependency;
			package = 87AE91AD292E06EF00164209 /* XCRemoteSwiftPackageReference "ViewInspector" */;
			productName = ViewInspector;
		};
/* End XCSwiftPackageProductDependency section */
	};
	rootObject = 87AE9151292DD7DC00164209 /* Project object */;
}
